
Microsoft Visual Studio Solution File, Format Version 12.00
# Visual Studio Version 17
VisualStudioVersion = 17.9.34622.214
MinimumVisualStudioVersion = 10.0.40219.1
Project("{FAE04EC0-301F-11D3-BF4B-00C04F79EFBC}") = "LiftingLibrary", "LiftingLibrary\LiftingLibrary.csproj", "{FCEDB839-96AF-4A97-8ED9-0772DFC5BC52}"
EndProject
Global
	GlobalSection(SolutionConfigurationPlatforms) = preSolution
		Debug|Any CPU = Debug|Any CPU
		Release|Any CPU = Release|Any CPU
	EndGlobalSection
	GlobalSection(ProjectConfigurationPlatforms) = postSolution
		{FCEDB839-96AF-4A97-8ED9-0772DFC5BC52}.Debug|Any CPU.ActiveCfg = Debug|Any CPU
		{FCEDB839-96AF-4A97-8ED9-0772DFC5BC52}.Debug|Any CPU.Build.0 = Debug|Any CPU
		{FCEDB839-96AF-4A97-8ED9-0772DFC5BC52}.Release|Any CPU.ActiveCfg = Release|Any CPU
		{FCEDB839-96AF-4A97-8ED9-0772DFC5BC52}.Release|Any CPU.Build.0 = Release|Any CPU
	EndGlobalSection
	GlobalSection(SolutionProperties) = preSolution
		HideSolutionNode = FALSE
	EndGlobalSection
	GlobalSection(ExtensibilityGlobals) = postSolution
		SolutionGuid = {929A2796-B76F-48B2-9907-AF21096A4C57}
	EndGlobalSection
EndGlobal
